
Microsoft Visual Studio Solution File, Format Version 12.00
Project("{FAE04EC0-301F-11D3-BF4B-00C04F79EFBC}") = "Entities", "Entities\Entities.csproj", "{A0D18FAA-C6D2-45EC-81B9-E9D92FC1932B}"
EndProject
Project("{FAE04EC0-301F-11D3-BF4B-00C04F79EFBC}") = "WebAPI", "WebAPI\WebAPI.csproj", "{678CEC6F-A6B8-492C-8316-0E6348CBA9C7}"
EndProject
Project("{FAE04EC0-301F-11D3-BF4B-00C04F79EFBC}") = "EmployeeApp", "EmployeeApp\EmployeeApp.csproj", "{6484936D-4081-4B5E-B242-F8897A014150}"
EndProject
Global
	GlobalSection(SolutionConfigurationPlatforms) = preSolution
		Debug|Any CPU = Debug|Any CPU
		Release|Any CPU = Release|Any CPU
	EndGlobalSection
	GlobalSection(ProjectConfigurationPlatforms) = postSolution
		{A0D18FAA-C6D2-45EC-81B9-E9D92FC1932B}.Debug|Any CPU.ActiveCfg = Debug|Any CPU
		{A0D18FAA-C6D2-45EC-81B9-E9D92FC1932B}.Debug|Any CPU.Build.0 = Debug|Any CPU
		{A0D18FAA-C6D2-45EC-81B9-E9D92FC1932B}.Release|Any CPU.ActiveCfg = Release|Any CPU
		{A0D18FAA-C6D2-45EC-81B9-E9D92FC1932B}.Release|Any CPU.Build.0 = Release|Any CPU
		{678CEC6F-A6B8-492C-8316-0E6348CBA9C7}.Debug|Any CPU.ActiveCfg = Debug|Any CPU
		{678CEC6F-A6B8-492C-8316-0E6348CBA9C7}.Debug|Any CPU.Build.0 = Debug|Any CPU
		{678CEC6F-A6B8-492C-8316-0E6348CBA9C7}.Release|Any CPU.ActiveCfg = Release|Any CPU
		{678CEC6F-A6B8-492C-8316-0E6348CBA9C7}.Release|Any CPU.Build.0 = Release|Any CPU
		{6484936D-4081-4B5E-B242-F8897A014150}.Debug|Any CPU.ActiveCfg = Debug|Any CPU
		{6484936D-4081-4B5E-B242-F8897A014150}.Debug|Any CPU.Build.0 = Debug|Any CPU
		{6484936D-4081-4B5E-B242-F8897A014150}.Release|Any CPU.ActiveCfg = Release|Any CPU
		{6484936D-4081-4B5E-B242-F8897A014150}.Release|Any CPU.Build.0 = Release|Any CPU
	EndGlobalSection
	GlobalSection(NestedProjects) = preSolution
	EndGlobalSection
EndGlobal
